
Microsoft Visual Studio Solution File, Format Version 12.00
# Visual Studio Version 17
VisualStudioVersion = 17.1.32228.430
MinimumVisualStudioVersion = 10.0.40219.1
Project("{FAE04EC0-301F-11D3-BF4B-00C04F79EFBC}") = "OneDimArrays1", "OneDimArrays1\OneDimArrays1.csproj", "{096ED2B8-E090-4B21-970B-49F2531D3665}"
EndProject
Project("{FAE04EC0-301F-11D3-BF4B-00C04F79EFBC}") = "OneDimArrays1.Tests", "OneDimArrays1.Tests\OneDimArrays1.Tests.csproj", "{4BB49CFE-5B4C-4FBC-A807-207537074031}"
EndProject
Global
	GlobalSection(SolutionConfigurationPlatforms) = preSolution
		Debug|Any CPU = Debug|Any CPU
		Release|Any CPU = Release|Any CPU
	EndGlobalSection
	GlobalSection(ProjectConfigurationPlatforms) = postSolution
		{096ED2B8-E090-4B21-970B-49F2531D3665}.Debug|Any CPU.ActiveCfg = Debug|Any CPU
		{096ED2B8-E090-4B21-970B-49F2531D3665}.Debug|Any CPU.Build.0 = Debug|Any CPU
		{096ED2B8-E090-4B21-970B-49F2531D3665}.Release|Any CPU.ActiveCfg = Release|Any CPU
		{096ED2B8-E090-4B21-970B-49F2531D3665}.Release|Any CPU.Build.0 = Release|Any CPU
		{4BB49CFE-5B4C-4FBC-A807-207537074031}.Debug|Any CPU.ActiveCfg = Debug|Any CPU
		{4BB49CFE-5B4C-4FBC-A807-207537074031}.Debug|Any CPU.Build.0 = Debug|Any CPU
		{4BB49CFE-5B4C-4FBC-A807-207537074031}.Release|Any CPU.ActiveCfg = Release|Any CPU
		{4BB49CFE-5B4C-4FBC-A807-207537074031}.Release|Any CPU.Build.0 = Release|Any CPU
	EndGlobalSection
	GlobalSection(SolutionProperties) = preSolution
		HideSolutionNode = FALSE
	EndGlobalSection
	GlobalSection(ExtensibilityGlobals) = postSolution
		SolutionGuid = {4C68ED3F-894A-484B-BAA8-F3039CA173C5}
	EndGlobalSection
EndGlobal
